// !$*UTF8*$!
{
	archiveVersion = 1;
	classes = {
	};
	objectVersion = 77;
	objects = {

/* Begin PBXBuildFile section */
		71BAC9F3C05D85E4ABAE483F /* Pods_GlimpseH4H.framework in Frameworks */ = {isa = PBXBuildFile; fileRef = 2C8268467384E28EF0929A07 /* Pods_GlimpseH4H.framework */; };
		98901E352F54733500F27219 /* mobilefacenet.tflite in Resources */ = {isa = PBXBuildFile; fileRef = 98901E342F54733500F27219 /* mobilefacenet.tflite */; };
/* End PBXBuildFile section */

/* Begin PBXContainerItemProxy section */
		9867FF712F540BFF009578A1 /* PBXContainerItemProxy */ = {
			isa = PBXContainerItemProxy;
			containerPortal = 9867FF5B2F540BFD009578A1 /* Project object */;
			proxyType = 1;
			remoteGlobalIDString = 9867FF622F540BFD009578A1;
			remoteInfo = GlimpseH4H;
		};
		9867FF7B2F540BFF009578A1 /* PBXContainerItemProxy */ = {
			isa = PBXContainerItemProxy;
			containerPortal = 9867FF5B2F540BFD009578A1 /* Project object */;
			proxyType = 1;
			remoteGlobalIDString = 9867FF622F540BFD009578A1;
			remoteInfo = GlimpseH4H;
		};
/* End PBXContainerItemProxy section */

/* Begin PBXFileReference section */
		2C8268467384E28EF0929A07 /* Pods_GlimpseH4H.framework */ = {isa = PBXFileReference; explicitFileType = wrapper.framework; includeInIndex = 0; path = Pods_GlimpseH4H.framework; sourceTree = BUILT_PRODUCTS_DIR; };
		30B2F4CEE0DB2CA32DABA08B /* Pods-GlimpseH4H.release.xcconfig */ = {isa = PBXFileReference; includeInIndex = 1; lastKnownFileType = text.xcconfig; name = "Pods-GlimpseH4H.release.xcconfig"; path = "Target Support Files/Pods-GlimpseH4H/Pods-GlimpseH4H.release.xcconfig"; sourceTree = "<group>"; };
		8336344A179D1927E4D80391 /* Pods-GlimpseH4H.debug.xcconfig */ = {isa = PBXFileReference; includeInIndex = 1; lastKnownFileType = text.xcconfig; name = "Pods-GlimpseH4H.debug.xcconfig"; path = "Target Support Files/Pods-GlimpseH4H/Pods-GlimpseH4H.debug.xcconfig"; sourceTree = "<group>"; };
		9867FF632F540BFD009578A1 /* GlimpseH4H.app */ = {isa = PBXFileReference; explicitFileType = wrapper.application; includeInIndex = 0; path = GlimpseH4H.app; sourceTree = BUILT_PRODUCTS_DIR; };
		9867FF702F540BFF009578A1 /* GlimpseH4HTests.xctest */ = {isa = PBXFileReference; explicitFileType = wrapper.cfbundle; includeInIndex = 0; path = GlimpseH4HTests.xctest; sourceTree = BUILT_PRODUCTS_DIR; };
		9867FF7A2F540BFF009578A1 /* GlimpseH4HUITests.xctest */ = {isa = PBXFileReference; explicitFileType = wrapper.cfbundle; includeInIndex = 0; path = GlimpseH4HUITests.xctest; sourceTree = BUILT_PRODUCTS_DIR; };
		98901E342F54733500F27219 /* mobilefacenet.tflite */ = {isa = PBXFileReference; lastKnownFileType = file; path = mobilefacenet.tflite; sourceTree = "<group>"; };
/* End PBXFileReference section */

/* Begin PBXFileSystemSynchronizedRootGroup section */
		9867FF652F540BFD009578A1 /* GlimpseH4H */ = {
			isa = PBXFileSystemSynchronizedRootGroup;
			path = GlimpseH4H;
			sourceTree = "<group>";
		};
		9867FF732F540BFF009578A1 /* GlimpseH4HTests */ = {
			isa = PBXFileSystemSynchronizedRootGroup;
			path = GlimpseH4HTests;
			sourceTree = "<group>";
		};
		9867FF7D2F540BFF009578A1 /* GlimpseH4HUITests */ = {
			isa = PBXFileSystemSynchronizedRootGroup;
			path = GlimpseH4HUITests;
			sourceTree = "<group>";
		};
/* End PBXFileSystemSynchronizedRootGroup section */

/* Begin PBXFrameworksBuildPhase section */
		9867FF602F540BFD009578A1 /* Frameworks */ = {
			isa = PBXFrameworksBuildPhase;
			buildActionMask = 2147483647;
			files = (
				71BAC9F3C05D85E4ABAE483F /* Pods_GlimpseH4H.framework in Frameworks */,
			);
			runOnlyForDeploymentPostprocessing = 0;
		};
		9867FF6D2F540BFF009578A1 /* Frameworks */ = {
			isa = PBXFrameworksBuildPhase;
			buildActionMask = 2147483647;
			files = (
			);
			runOnlyForDeploymentPostprocessing = 0;
		};
		9867FF772F540BFF009578A1 /* Frameworks */ = {
			isa = PBXFrameworksBuildPhase;
			buildActionMask = 2147483647;
			files = (
			);
			runOnlyForDeploymentPostprocessing = 0;
		};
/* End PBXFrameworksBuildPhase section */

/* Begin PBXGroup section */
		54CA8DF877AE83939528BABA /* Pods */ = {
			isa = PBXGroup;
			children = (
				8336344A179D1927E4D80391 /* Pods-GlimpseH4H.debug.xcconfig */,
				30B2F4CEE0DB2CA32DABA08B /* Pods-GlimpseH4H.release.xcconfig */,
			);
			path = Pods;
			sourceTree = "<group>";
		};
		9867FF5A2F540BFD009578A1 = {
			isa = PBXGroup;
			children = (
				98901E342F54733500F27219 /* mobilefacenet.tflite */,
				9867FF652F540BFD009578A1 /* GlimpseH4H */,
				9867FF732F540BFF009578A1 /* GlimpseH4HTests */,
				9867FF7D2F540BFF009578A1 /* GlimpseH4HUITests */,
				9867FF642F540BFD009578A1 /* Products */,
				54CA8DF877AE83939528BABA /* Pods */,
				BE1E50004BDCC9E6D4EB7995 /* Frameworks */,
			);
			sourceTree = "<group>";
		};
		9867FF642F540BFD009578A1 /* Products */ = {
			isa = PBXGroup;
			children = (
				9867FF632F540BFD009578A1 /* GlimpseH4H.app */,
				9867FF702F540BFF009578A1 /* GlimpseH4HTests.xctest */,
				9867FF7A2F540BFF009578A1 /* GlimpseH4HUITests.xctest */,
			);
			name = Products;
			sourceTree = "<group>";
		};
		BE1E50004BDCC9E6D4EB7995 /* Frameworks */ = {
			isa = PBXGroup;
			children = (
				2C8268467384E28EF0929A07 /* Pods_GlimpseH4H.framework */,
			);
			name = Frameworks;
			sourceTree = "<group>";
		};
/* End PBXGroup section */

/* Begin PBXNativeTarget section */
		9867FF622F540BFD009578A1 /* GlimpseH4H */ = {
			isa = PBXNativeTarget;
			buildConfigurationList = 9867FF842F540BFF009578A1 /* Build configuration list for PBXNativeTarget "GlimpseH4H" */;
			buildPhases = (
				29831C7D65C731DBFF2F752D /* [CP] Check Pods Manifest.lock */,
				9867FF5F2F540BFD009578A1 /* Sources */,
				9867FF602F540BFD009578A1 /* Frameworks */,
				9867FF612F540BFD009578A1 /* Resources */,
				8CA9C2A3D61A108D20617F62 /* [CP] Copy Pods Resources */,
			);
			buildRules = (
			);
			dependencies = (
			);
			fileSystemSynchronizedGroups = (
				9867FF652F540BFD009578A1 /* GlimpseH4H */,
			);
			name = GlimpseH4H;
			productName = GlimpseH4H;
			productReference = 9867FF632F540BFD009578A1 /* GlimpseH4H.app */;
			productType = "com.apple.product-type.application";
		};
		9867FF6F2F540BFF009578A1 /* GlimpseH4HTests */ = {
			isa = PBXNativeTarget;
			buildConfigurationList = 9867FF872F540BFF009578A1 /* Build configuration list for PBXNativeTarget "GlimpseH4HTests" */;
			buildPhases = (
				9867FF6C2F540BFF009578A1 /* Sources */,
				9867FF6D2F540BFF009578A1 /* Frameworks */,
				9867FF6E2F540BFF009578A1 /* Resources */,
			);
			buildRules = (
			);
			dependencies = (
				9867FF722F540BFF009578A1 /* PBXTargetDependency */,
			);
			fileSystemSynchronizedGroups = (
				9867FF732F540BFF009578A1 /* GlimpseH4HTests */,
			);
			name = GlimpseH4HTests;
			productName = GlimpseH4HTests;
			productReference = 9867FF702F540BFF009578A1 /* GlimpseH4HTests.xctest */;
			productType = "com.apple.product-type.bundle.unit-test";
		};
		9867FF792F540BFF009578A1 /* GlimpseH4HUITests */ = {
			isa = PBXNativeTarget;
			buildConfigurationList = 9867FF8A2F540BFF009578A1 /* Build configuration list for PBXNativeTarget "GlimpseH4HUITests" */;
			buildPhases = (
				9867FF762F540BFF009578A1 /* Sources */,
				9867FF772F540BFF009578A1 /* Frameworks */,
				9867FF782F540BFF009578A1 /* Resources */,
			);
			buildRules = (
			);
			dependencies = (
				9867FF7C2F540BFF009578A1 /* PBXTargetDependency */,
			);
			fileSystemSynchronizedGroups = (
				9867FF7D2F540BFF009578A1 /* GlimpseH4HUITests */,
			);
			name = GlimpseH4HUITests;
			productName = GlimpseH4HUITests;
			productReference = 9867FF7A2F540BFF009578A1 /* GlimpseH4HUITests.xctest */;
			productType = "com.apple.product-type.bundle.ui-testing";
		};
/* End PBXNativeTarget section */

/* Begin PBXProject section */
		9867FF5B2F540BFD009578A1 /* Project object */ = {
			isa = PBXProject;
			attributes = {
				BuildIndependentTargetsInParallel = 1;
				LastSwiftUpdateCheck = 1640;
				LastUpgradeCheck = 1640;
				TargetAttributes = {
					9867FF622F540BFD009578A1 = {
						CreatedOnToolsVersion = 16.4;
					};
					9867FF6F2F540BFF009578A1 = {
						CreatedOnToolsVersion = 16.4;
						TestTargetID = 9867FF622F540BFD009578A1;
					};
					9867FF792F540BFF009578A1 = {
						CreatedOnToolsVersion = 16.4;
						TestTargetID = 9867FF622F540BFD009578A1;
					};
				};
			};
			buildConfigurationList = 9867FF5E2F540BFD009578A1 /* Build configuration list for PBXProject "GlimpseH4H" */;
			developmentRegion = en;
			hasScannedForEncodings = 0;
			knownRegions = (
				en,
				Base,
			);
			mainGroup = 9867FF5A2F540BFD009578A1;
			minimizedProjectReferenceProxies = 1;
			preferredProjectObjectVersion = 77;
			productRefGroup = 9867FF642F540BFD009578A1 /* Products */;
			projectDirPath = "";
			projectRoot = "";
			targets = (
				9867FF622F540BFD009578A1 /* GlimpseH4H */,
				9867FF6F2F540BFF009578A1 /* GlimpseH4HTests */,
				9867FF792F540BFF009578A1 /* GlimpseH4HUITests */,
			);
		};
/* End PBXProject section */

/* Begin PBXResourcesBuildPhase section */
		9867FF612F540BFD009578A1 /* Resources */ = {
			isa = PBXResourcesBuildPhase;
			buildActionMask = 2147483647;
			files = (
				98901E352F54733500F27219 /* mobilefacenet.tflite in Resources */,
			);
			runOnlyForDeploymentPostprocessing = 0;
		};
		9867FF6E2F540BFF009578A1 /* Resources */ = {
			isa = PBXResourcesBuildPhase;
			buildActionMask = 2147483647;
			files = (
			);
			runOnlyForDeploymentPostprocessing = 0;
		};
		9867FF782F540BFF009578A1 /* Resources */ = {
			isa = PBXResourcesBuildPhase;
			buildActionMask = 2147483647;
			files = (
			);
			runOnlyForDeploymentPostprocessing = 0;
		};
/* End PBXResourcesBuildPhase section */

/* Begin PBXShellScriptBuildPhase section */
		29831C7D65C731DBFF2F752D /* [CP] Check Pods Manifest.lock */ = {
			isa = PBXShellScriptBuildPhase;
			buildActionMask = 2147483647;
			files = (
			);
			inputFileListPaths = (
			);
			inputPaths = (
				"${PODS_PODFILE_DIR_PATH}/Podfile.lock",
				"${PODS_ROOT}/Manifest.lock",
			);
			name = "[CP] Check Pods Manifest.lock";
			outputFileListPaths = (
			);
			outputPaths = (
				"$(DERIVED_FILE_DIR)/Pods-GlimpseH4H-checkManifestLockResult.txt",
			);
			runOnlyForDeploymentPostprocessing = 0;
			shellPath = /bin/sh;
			shellScript = "diff \"${PODS_PODFILE_DIR_PATH}/Podfile.lock\" \"${PODS_ROOT}/Manifest.lock\" > /dev/null\nif [ $? != 0 ] ; then\n    # print error to STDERR\n    echo \"error: The sandbox is not in sync with the Podfile.lock. Run 'pod install' or update your CocoaPods installation.\" >&2\n    exit 1\nfi\n# This output is used by Xcode 'outputs' to avoid re-running this script phase.\necho \"SUCCESS\" > \"${SCRIPT_OUTPUT_FILE_0}\"\n";
			showEnvVarsInLog = 0;
		};
		8CA9C2A3D61A108D20617F62 /* [CP] Copy Pods Resources */ = {
			isa = PBXShellScriptBuildPhase;
			buildActionMask = 2147483647;
			files = (
			);
			inputFileListPaths = (
				"${PODS_ROOT}/Target Support Files/Pods-GlimpseH4H/Pods-GlimpseH4H-resources-${CONFIGURATION}-input-files.xcfilelist",
			);
			inputPaths = (
			);
			name = "[CP] Copy Pods Resources";
			outputFileListPaths = (
				"${PODS_ROOT}/Target Support Files/Pods-GlimpseH4H/Pods-GlimpseH4H-resources-${CONFIGURATION}-output-files.xcfilelist",
			);
			outputPaths = (
			);
			runOnlyForDeploymentPostprocessing = 0;
			shellPath = /bin/sh;
			shellScript = "\"${PODS_ROOT}/Target Support Files/Pods-GlimpseH4H/Pods-GlimpseH4H-resources.sh\"\n";
			showEnvVarsInLog = 0;
		};
/* End PBXShellScriptBuildPhase section */

/* Begin PBXSourcesBuildPhase section */
		9867FF5F2F540BFD009578A1 /* Sources */ = {
			isa = PBXSourcesBuildPhase;
			buildActionMask = 2147483647;
			files = (
			);
			runOnlyForDeploymentPostprocessing = 0;
		};
		9867FF6C2F540BFF009578A1 /* Sources */ = {
			isa = PBXSourcesBuildPhase;
			buildActionMask = 2147483647;
			files = (
			);
			runOnlyForDeploymentPostprocessing = 0;
		};
		9867FF762F540BFF009578A1 /* Sources */ = {
			isa = PBXSourcesBuildPhase;
			buildActionMask = 2147483647;
			files = (
			);
			runOnlyForDeploymentPostprocessing = 0;
		};
/* End PBXSourcesBuildPhase section */

/* Begin PBXTargetDependency section */
		9867FF722F540BFF009578A1 /* PBXTargetDependency */ = {
			isa = PBXTargetDependency;
			target = 9867FF622F540BFD009578A1 /* GlimpseH4H */;
			targetProxy = 9867FF712F540BFF009578A1 /* PBXContainerItemProxy */;
		};
		9867FF7C2F540BFF009578A1 /* PBXTargetDependency */ = {
			isa = PBXTargetDependency;
			target = 9867FF622F540BFD009578A1 /* GlimpseH4H */;
			targetProxy = 9867FF7B2F540BFF009578A1 /* PBXContainerItemProxy */;
		};
/* End PBXTargetDependency section */

/* Begin XCBuildConfiguration section */
		9867FF822F540BFF009578A1 /* Debug */ = {
			isa = XCBuildConfiguration;
			buildSettings = {
				ALWAYS_SEARCH_USER_PATHS = NO;
				ASSETCATALOG_COMPILER_GENERATE_SWIFT_ASSET_SYMBOL_EXTENSIONS = YES;
				CLANG_ANALYZER_NONNULL = YES;
				CLANG_ANALYZER_NUMBER_OBJECT_CONVERSION = YES_AGGRESSIVE;
				CLANG_CXX_LANGUAGE_STANDARD = "gnu++20";
				CLANG_ENABLE_MODULES = YES;
				CLANG_ENABLE_OBJC_ARC = YES;
				CLANG_ENABLE_OBJC_WEAK = YES;
				CLANG_WARN_BLOCK_CAPTURE_AUTORELEASING = YES;
				CLANG_WARN_BOOL_CONVERSION = YES;
				CLANG_WARN_COMMA = YES;
				CLANG_WARN_CONSTANT_CONVERSION = YES;
				CLANG_WARN_DEPRECATED_OBJC_IMPLEMENTATIONS = YES;
				CLANG_WARN_DIRECT_OBJC_ISA_USAGE = YES_ERROR;
				CLANG_WARN_DOCUMENTATION_COMMENTS = YES;
				CLANG_WARN_EMPTY_BODY = YES;
				CLANG_WARN_ENUM_CONVERSION = YES;
				CLANG_WARN_INFINITE_RECURSION = YES;
				CLANG_WARN_INT_CONVERSION = YES;
				CLANG_WARN_NON_LITERAL_NULL_CONVERSION = YES;
				CLANG_WARN_OBJC_IMPLICIT_RETAIN_SELF = YES;
				CLANG_WARN_OBJC_LITERAL_CONVERSION = YES;
				CLANG_WARN_OBJC_ROOT_CLASS = YES_ERROR;
				CLANG_WARN_QUOTED_INCLUDE_IN_FRAMEWORK_HEADER = YES;
				CLANG_WARN_RANGE_LOOP_ANALYSIS = YES;
				CLANG_WARN_STRICT_PROTOTYPES = YES;
				CLANG_WARN_SUSPICIOUS_MOVE = YES;
				CLANG_WARN_UNGUARDED_AVAILABILITY = YES_AGGRESSIVE;
				CLANG_WARN_UNREACHABLE_CODE = YES;
				CLANG_WARN__DUPLICATE_METHOD_MATCH = YES;
				COPY_PHASE_STRIP = NO;
				DEBUG_INFORMATION_FORMAT = dwarf;
				ENABLE_STRICT_OBJC_MSGSEND = YES;
				ENABLE_TESTABILITY = YES;
				ENABLE_USER_SCRIPT_SANDBOXING = YES;
				GCC_C_LANGUAGE_STANDARD = gnu17;
				GCC_DYNAMIC_NO_PIC = NO;
				GCC_NO_COMMON_BLOCKS = YES;
				GCC_OPTIMIZATION_LEVEL = 0;
				GCC_PREPROCESSOR_DEFINITIONS = (
					"DEBUG=1",
					"$(inherited)",
				);
				GCC_WARN_64_TO_32_BIT_CONVERSION = YES;
				GCC_WARN_ABOUT_RETURN_TYPE = YES_ERROR;
				GCC_WARN_UNDECLARED_SELECTOR = YES;
				GCC_WARN_UNINITIALIZED_AUTOS = YES_AGGRESSIVE;
				GCC_WARN_UNUSED_FUNCTION = YES;
				GCC_WARN_UNUSED_VARIABLE = YES;
				IPHONEOS_DEPLOYMENT_TARGET = 18.5;
				LOCALIZATION_PREFERS_STRING_CATALOGS = YES;
				MTL_ENABLE_DEBUG_INFO = INCLUDE_SOURCE;
				MTL_FAST_MATH = YES;
				ONLY_ACTIVE_ARCH = YES;
				SDKROOT = iphoneos;
				SWIFT_ACTIVE_COMPILATION_CONDITIONS = "DEBUG $(inherited)";
				SWIFT_OPTIMIZATION_LEVEL = "-Onone";
			};
			name = Debug;
		};
		9867FF832F540BFF009578A1 /* Release */ = {
			isa = XCBuildConfiguration;
			buildSettings = {
				ALWAYS_SEARCH_USER_PATHS = NO;
				ASSETCATALOG_COMPILER_GENERATE_SWIFT_ASSET_SYMBOL_EXTENSIONS = YES;
				CLANG_ANALYZER_NONNULL = YES;
				CLANG_ANALYZER_NUMBER_OBJECT_CONVERSION = YES_AGGRESSIVE;
				CLANG_CXX_LANGUAGE_STANDARD = "gnu++20";
				CLANG_ENABLE_MODULES = YES;
				CLANG_ENABLE_OBJC_ARC = YES;
				CLANG_ENABLE_OBJC_WEAK = YES;
				CLANG_WARN_BLOCK_CAPTURE_AUTORELEASING = YES;
				CLANG_WARN_BOOL_CONVERSION = YES;
				CLANG_WARN_COMMA = YES;
				CLANG_WARN_CONSTANT_CONVERSION = YES;
				CLANG_WARN_DEPRECATED_OBJC_IMPLEMENTATIONS = YES;
				CLANG_WARN_DIRECT_OBJC_ISA_USAGE = YES_ERROR;
				CLANG_WARN_DOCUMENTATION_COMMENTS = YES;
				CLANG_WARN_EMPTY_BODY = YES;
				CLANG_WARN_ENUM_CONVERSION = YES;
				CLANG_WARN_INFINITE_RECURSION = YES;
				CLANG_WARN_INT_CONVERSION = YES;
				CLANG_WARN_NON_LITERAL_NULL_CONVERSION = YES;
				CLANG_WARN_OBJC_IMPLICIT_RETAIN_SELF = YES;
				CLANG_WARN_OBJC_LITERAL_CONVERSION = YES;
				CLANG_WARN_OBJC_ROOT_CLASS = YES_ERROR;
				CLANG_WARN_QUOTED_INCLUDE_IN_FRAMEWORK_HEADER = YES;
				CLANG_WARN_RANGE_LOOP_ANALYSIS = YES;
				CLANG_WARN_STRICT_PROTOTYPES = YES;
				CLANG_WARN_SUSPICIOUS_MOVE = YES;
				CLANG_WARN_UNGUARDED_AVAILABILITY = YES_AGGRESSIVE;
				CLANG_WARN_UNREACHABLE_CODE = YES;
				CLANG_WARN__DUPLICATE_METHOD_MATCH = YES;
				COPY_PHASE_STRIP = NO;
				DEBUG_INFORMATION_FORMAT = "dwarf-with-dsym";
				ENABLE_NS_ASSERTIONS = NO;
				ENABLE_STRICT_OBJC_MSGSEND = YES;
				ENABLE_USER_SCRIPT_SANDBOXING = YES;
				GCC_C_LANGUAGE_STANDARD = gnu17;
				GCC_NO_COMMON_BLOCKS = YES;
				GCC_WARN_64_TO_32_BIT_CONVERSION = YES;
				GCC_WARN_ABOUT_RETURN_TYPE = YES_ERROR;
				GCC_WARN_UNDECLARED_SELECTOR = YES;
				GCC_WARN_UNINITIALIZED_AUTOS = YES_AGGRESSIVE;
				GCC_WARN_UNUSED_FUNCTION = YES;
				GCC_WARN_UNUSED_VARIABLE = YES;
				IPHONEOS_DEPLOYMENT_TARGET = 18.5;
				LOCALIZATION_PREFERS_STRING_CATALOGS = YES;
				MTL_ENABLE_DEBUG_INFO = NO;
				MTL_FAST_MATH = YES;
				SDKROOT = iphoneos;
				SWIFT_COMPILATION_MODE = wholemodule;
				VALIDATE_PRODUCT = YES;
			};
			name = Release;
		};
		9867FF852F540BFF009578A1 /* Debug */ = {
			isa = XCBuildConfiguration;
			baseConfigurationReference = 8336344A179D1927E4D80391 /* Pods-GlimpseH4H.debug.xcconfig */;
			buildSettings = {
				ASSETCATALOG_COMPILER_APPICON_NAME = AppIcon;
				ASSETCATALOG_COMPILER_GLOBAL_ACCENT_COLOR_NAME = AccentColor;
				CODE_SIGN_STYLE = Automatic;
				CURRENT_PROJECT_VERSION = 1;
				DEVELOPMENT_TEAM = 7L5H9ACBR3;
				ENABLE_PREVIEWS = YES;
				ENABLE_USER_SCRIPT_SANDBOXING = NO;
				GENERATE_INFOPLIST_FILE = YES;
				INFOPLIST_KEY_NSCameraUsageDescription = "Glimpse uses the camera to recognize people and rooms.";
				INFOPLIST_KEY_NSMicrophoneUsageDescription = "Glimpse may use the microphone for conversation features.";
				INFOPLIST_KEY_NSSpeechRecognitionUsageDescription = "Glimpse transcribes conversations to remember what you discussed.";
				INFOPLIST_KEY_UIApplicationSceneManifest_Generation = YES;
				INFOPLIST_KEY_UIApplicationSupportsIndirectInputEvents = YES;
				INFOPLIST_KEY_UILaunchScreen_Generation = YES;
				INFOPLIST_KEY_UISupportedInterfaceOrientations_iPad = "UIInterfaceOrientationPortrait UIInterfaceOrientationPortraitUpsideDown";
				INFOPLIST_KEY_UISupportedInterfaceOrientations_iPhone = UIInterfaceOrientationPortrait;
				LD_RUNPATH_SEARCH_PATHS = (
					"$(inherited)",
					"@executable_path/Frameworks",
				);
				MARKETING_VERSION = 1.0;
				PRODUCT_BUNDLE_IDENTIFIER = com.TiffanyLe710.GlimpseH4H;
				PRODUCT_NAME = "$(TARGET_NAME)";
				SWIFT_EMIT_LOC_STRINGS = YES;
				SWIFT_VERSION = 5.0;
				TARGETED_DEVICE_FAMILY = "1,2";
			};
			name = Debug;
		};
		9867FF862F540BFF009578A1 /* Release */ = {
			isa = XCBuildConfiguration;
			baseConfigurationReference = 30B2F4CEE0DB2CA32DABA08B /* Pods-GlimpseH4H.release.xcconfig */;
			buildSettings = {
				ASSETCATALOG_COMPILER_APPICON_NAME = AppIcon;
				ASSETCATALOG_COMPILER_GLOBAL_ACCENT_COLOR_NAME = AccentColor;
				CODE_SIGN_STYLE = Automatic;
				CURRENT_PROJECT_VERSION = 1;
				DEVELOPMENT_TEAM = 7L5H9ACBR3;
				ENABLE_PREVIEWS = YES;
				ENABLE_USER_SCRIPT_SANDBOXING = NO;
				GENERATE_INFOPLIST_FILE = YES;
				INFOPLIST_KEY_NSCameraUsageDescription = "Glimpse uses the camera to recognize people and rooms.";
				INFOPLIST_KEY_NSMicrophoneUsageDescription = "Glimpse may use the microphone for conversation features.";
				INFOPLIST_KEY_NSSpeechRecognitionUsageDescription = "Glimpse transcribes conversations to remember what you discussed.";
				INFOPLIST_KEY_UIApplicationSceneManifest_Generation = YES;
				INFOPLIST_KEY_UIApplicationSupportsIndirectInputEvents = YES;
				INFOPLIST_KEY_UILaunchScreen_Generation = YES;
				INFOPLIST_KEY_UISupportedInterfaceOrientations_iPad = "UIInterfaceOrientationPortrait UIInterfaceOrientationPortraitUpsideDown";
				INFOPLIST_KEY_UISupportedInterfaceOrientations_iPhone = UIInterfaceOrientationPortrait;
				LD_RUNPATH_SEARCH_PATHS = (
					"$(inherited)",
					"@executable_path/Frameworks",
				);
				MARKETING_VERSION = 1.0;
				PRODUCT_BUNDLE_IDENTIFIER = com.TiffanyLe710.GlimpseH4H;
				PRODUCT_NAME = "$(TARGET_NAME)";
				SWIFT_EMIT_LOC_STRINGS = YES;
				SWIFT_VERSION = 5.0;
				TARGETED_DEVICE_FAMILY = "1,2";
			};
			name = Release;
		};
		9867FF882F540BFF009578A1 /* Debug */ = {
			isa = XCBuildConfiguration;
			buildSettings = {
				BUNDLE_LOADER = "$(TEST_HOST)";
				CODE_SIGN_STYLE = Automatic;
				CURRENT_PROJECT_VERSION = 1;
				GENERATE_INFOPLIST_FILE = YES;
				IPHONEOS_DEPLOYMENT_TARGET = 18.5;
				MARKETING_VERSION = 1.0;
				PRODUCT_BUNDLE_IDENTIFIER = com.TiffanyLe710.GlimpseH4HTests;
				PRODUCT_NAME = "$(TARGET_NAME)";
				SWIFT_EMIT_LOC_STRINGS = NO;
				SWIFT_VERSION = 5.0;
				TARGETED_DEVICE_FAMILY = "1,2";
				TEST_HOST = "$(BUILT_PRODUCTS_DIR)/GlimpseH4H.app/$(BUNDLE_EXECUTABLE_FOLDER_PATH)/GlimpseH4H";
			};
			name = Debug;
		};
		9867FF892F540BFF009578A1 /* Release */ = {
			isa = XCBuildConfiguration;
			buildSettings = {
				BUNDLE_LOADER = "$(TEST_HOST)";
				CODE_SIGN_STYLE = Automatic;
				CURRENT_PROJECT_VERSION = 1;
				GENERATE_INFOPLIST_FILE = YES;
				IPHONEOS_DEPLOYMENT_TARGET = 18.5;
				MARKETING_VERSION = 1.0;
				PRODUCT_BUNDLE_IDENTIFIER = com.TiffanyLe710.GlimpseH4HTests;
				PRODUCT_NAME = "$(TARGET_NAME)";
				SWIFT_EMIT_LOC_STRINGS = NO;
				SWIFT_VERSION = 5.0;
				TARGETED_DEVICE_FAMILY = "1,2";
				TEST_HOST = "$(BUILT_PRODUCTS_DIR)/GlimpseH4H.app/$(BUNDLE_EXECUTABLE_FOLDER_PATH)/GlimpseH4H";
			};
			name = Release;
		};
		9867FF8B2F540BFF009578A1 /* Debug */ = {
			isa = XCBuildConfiguration;
			buildSettings = {
				CODE_SIGN_STYLE = Automatic;
				CURRENT_PROJECT_VERSION = 1;
				GENERATE_INFOPLIST_FILE = YES;
				MARKETING_VERSION = 1.0;
				PRODUCT_BUNDLE_IDENTIFIER = com.TiffanyLe710.GlimpseH4HUITests;
				PRODUCT_NAME = "$(TARGET_NAME)";
				SWIFT_EMIT_LOC_STRINGS = NO;
				SWIFT_VERSION = 5.0;
				TARGETED_DEVICE_FAMILY = "1,2";
				TEST_TARGET_NAME = GlimpseH4H;
			};
			name = Debug;
		};
		9867FF8C2F540BFF009578A1 /* Release */ = {
			isa = XCBuildConfiguration;
			buildSettings = {
				CODE_SIGN_STYLE = Automatic;
				CURRENT_PROJECT_VERSION = 1;
				GENERATE_INFOPLIST_FILE = YES;
				MARKETING_VERSION = 1.0;
				PRODUCT_BUNDLE_IDENTIFIER = com.TiffanyLe710.GlimpseH4HUITests;
				PRODUCT_NAME = "$(TARGET_NAME)";
				SWIFT_EMIT_LOC_STRINGS = NO;
				SWIFT_VERSION = 5.0;
				TARGETED_DEVICE_FAMILY = "1,2";
				TEST_TARGET_NAME = GlimpseH4H;
			};
			name = Release;
		};
/* End XCBuildConfiguration section */

/* Begin XCConfigurationList section */
		9867FF5E2F540BFD009578A1 /* Build configuration list for PBXProject "GlimpseH4H" */ = {
			isa = XCConfigurationList;
			buildConfigurations = (
				9867FF822F540BFF009578A1 /* Debug */,
				9867FF832F540BFF009578A1 /* Release */,
			);
			defaultConfigurationIsVisible = 0;
			defaultConfigurationName = Release;
		};
		9867FF842F540BFF009578A1 /* Build configuration list for PBXNativeTarget "GlimpseH4H" */ = {
			isa = XCConfigurationList;
			buildConfigurations = (
				9867FF852F540BFF009578A1 /* Debug */,
				9867FF862F540BFF009578A1 /* Release */,
			);
			defaultConfigurationIsVisible = 0;
			defaultConfigurationName = Release;
		};
		9867FF872F540BFF009578A1 /* Build configuration list for PBXNativeTarget "GlimpseH4HTests" */ = {
			isa = XCConfigurationList;
			buildConfigurations = (
				9867FF882F540BFF009578A1 /* Debug */,
				9867FF892F540BFF009578A1 /* Release */,
			);
			defaultConfigurationIsVisible = 0;
			defaultConfigurationName = Release;
		};
		9867FF8A2F540BFF009578A1 /* Build configuration list for PBXNativeTarget "GlimpseH4HUITests" */ = {
			isa = XCConfigurationList;
			buildConfigurations = (
				9867FF8B2F540BFF009578A1 /* Debug */,
				9867FF8C2F540BFF009578A1 /* Release */,
			);
			defaultConfigurationIsVisible = 0;
			defaultConfigurationName = Release;
		};
/* End XCConfigurationList section */
	};
	rootObject = 9867FF5B2F540BFD009578A1 /* Project object */;
}
